# This file is automatically @generated by Wally.
# It is not intended for manual editing.
registry = "test"

[[package]]
name = "admin/knit-tutorial"
version = "0.1.0"
dependencies = [["Callback", "vtntgaming/callback@1.1.0"], ["Future", "red-blox/future@1.0.1"], ["LemonSignal", "data-oriented-house/lemonsignal@1.11.0"], ["ObjectCache", "pyseph/objectcache@1.4.6"], ["Octo", "sleitnick/octo-tree@0.3.1"], ["Promise", "red-blox/promise@1.1.1"], ["Quaternion", "sleitnick/quaternion@0.2.3"], ["RthroScaler", "egomoose/rthro-scaler@0.3.0"], ["Sift", "csqrl/sift@0.0.11"], ["Signal", "sleitnick/signal@2.0.3"], ["Spring", "sleitnick/spring@1.0.0"], ["ZonePlus", "mattschrubb/zoneplus@3.2.0"], ["ProfileStore", "lm-loleris/profilestore@1.0.3"], ["SheetValues", "boatbomber/sheetvalues@3.0.2"]]

[[package]]
name = "boatbomber/sheetvalues"
version = "3.0.2"
dependencies = []

[[package]]
name = "csqrl/sift"
version = "0.0.11"
dependencies = []

[[package]]
name = "data-oriented-house/lemonsignal"
version = "1.11.0"
dependencies = []

[[package]]
name = "egomoose/deque"
version = "0.2.1"
dependencies = []

[[package]]
name = "egomoose/rthro-scaler"
version = "0.3.0"
dependencies = [["Deque", "egomoose/deque@0.2.1"]]

[[package]]
name = "lm-loleris/profilestore"
version = "1.0.3"
dependencies = []

[[package]]
name = "mattschrubb/zoneplus"
version = "3.2.0"
dependencies = []

[[package]]
name = "pyseph/objectcache"
version = "1.4.6"
dependencies = []

[[package]]
name = "red-blox/future"
version = "1.0.1"
dependencies = [["Spawn", "red-blox/spawn@1.1.0"]]

[[package]]
name = "red-blox/promise"
version = "1.1.1"
dependencies = [["Spawn", "red-blox/spawn@1.1.0"]]

[[package]]
name = "red-blox/spawn"
version = "1.1.0"
dependencies = []

[[package]]
name = "sleitnick/octo-tree"
version = "0.3.1"
dependencies = []

[[package]]
name = "sleitnick/quaternion"
version = "0.2.3"
dependencies = []

[[package]]
name = "sleitnick/signal"
version = "2.0.3"
dependencies = []

[[package]]
name = "sleitnick/spring"
version = "1.0.0"
dependencies = []

[[package]]
name = "vtntgaming/callback"
version = "1.1.0"
dependencies = []
